
Microsoft Visual Studio Solution File, Format Version 12.00
# Visual Studio Version 16
VisualStudioVersion = 16.0.31129.286
MinimumVisualStudioVersion = 10.0.40219.1
Project("{FAE04EC0-301F-11D3-BF4B-00C04F79EFBC}") = "tpvics_shrc", "tpvics_shrc\tpvics_shrc.csproj", "{34FDA68E-8715-44C3-953F-D071CA0012B3}"
EndProject
Global
	GlobalSection(SolutionConfigurationPlatforms) = preSolution
		Debug|Any CPU = Debug|Any CPU
		Release|Any CPU = Release|Any CPU
	EndGlobalSection
	GlobalSection(ProjectConfigurationPlatforms) = postSolution
		{34FDA68E-8715-44C3-953F-D071CA0012B3}.Debug|Any CPU.ActiveCfg = Debug|Any CPU
		{34FDA68E-8715-44C3-953F-D071CA0012B3}.Debug|Any CPU.Build.0 = Debug|Any CPU
		{34FDA68E-8715-44C3-953F-D071CA0012B3}.Release|Any CPU.ActiveCfg = Release|Any CPU
		{34FDA68E-8715-44C3-953F-D071CA0012B3}.Release|Any CPU.Build.0 = Release|Any CPU
	EndGlobalSection
	GlobalSection(SolutionProperties) = preSolution
		HideSolutionNode = FALSE
	EndGlobalSection
	GlobalSection(ExtensibilityGlobals) = postSolution
		SolutionGuid = {5AF8B2E8-CE41-4521-8C3E-84C321757595}
	EndGlobalSection
EndGlobal
